
Microsoft Visual Studio Solution File, Format Version 12.00
# Visual Studio Version 17
VisualStudioVersion = 17.11.35312.102
MinimumVisualStudioVersion = 10.0.40219.1
Project("{9A19103F-16F7-4668-BE54-9A1E7A4F7556}") = "TechShop", "..\TECHSHOP ASSIGNMENT\TechShop\TechShop.csproj", "{3DDA8215-6F3E-4686-B511-CC731ABA7540}"
EndProject
Global
	GlobalSection(SolutionConfigurationPlatforms) = preSolution
		Debug|Any CPU = Debug|Any CPU
		Release|Any CPU = Release|Any CPU
	EndGlobalSection
	GlobalSection(ProjectConfigurationPlatforms) = postSolution
		{3DDA8215-6F3E-4686-B511-CC731ABA7540}.Debug|Any CPU.ActiveCfg = Debug|Any CPU
		{3DDA8215-6F3E-4686-B511-CC731ABA7540}.Debug|Any CPU.Build.0 = Debug|Any CPU
		{3DDA8215-6F3E-4686-B511-CC731ABA7540}.Release|Any CPU.ActiveCfg = Release|Any CPU
		{3DDA8215-6F3E-4686-B511-CC731ABA7540}.Release|Any CPU.Build.0 = Release|Any CPU
	EndGlobalSection
	GlobalSection(SolutionProperties) = preSolution
		HideSolutionNode = FALSE
	EndGlobalSection
	GlobalSection(ExtensibilityGlobals) = postSolution
		SolutionGuid = {57D72235-BFAE-4532-B41B-C5EC7CB30993}
	EndGlobalSection
EndGlobal
